// !$*UTF8*$!
{
	archiveVersion = 1;
	classes = {
	};
	objectVersion = 50;
	objects = {

/* Begin PBXBuildFile section */
		210F8F8B2730A7F5004A939D /* AIEMessagesInspector.swift in Sources */ = {isa = PBXBuildFile; fileRef = 210F8F892730A7F5004A939D /* AIEMessagesInspector.swift */; };
		210F8F8C2730A7F5004A939D /* AIEMessagesInspector.xib in Resources */ = {isa = PBXBuildFile; fileRef = 210F8F8A2730A7F5004A939D /* AIEMessagesInspector.xib */; };
		210F8F922742ECF1004A939D /* AIEMLComputeObjCGenerator.swift in Sources */ = {isa = PBXBuildFile; fileRef = 210F8F912742ECF1004A939D /* AIEMLComputeObjCGenerator.swift */; };
		210F8F942742ED08004A939D /* AIEMLComputeSwiftGenerator.swift in Sources */ = {isa = PBXBuildFile; fileRef = 210F8F932742ED08004A939D /* AIEMLComputeSwiftGenerator.swift */; };
		2169BA2F2748799B00A5407D /* AIEIO.swift in Sources */ = {isa = PBXBuildFile; fileRef = 2169BA2E2748799B00A5407D /* AIEIO.swift */; };
		21FCD9CB27067AD80049E558 /* AIETitle.swift in Sources */ = {isa = PBXBuildFile; fileRef = 21FCD9CA27067AD80049E558 /* AIETitle.swift */; };
		21FFE2F929131D7700A79F8F /* AIELogicTool.swift in Sources */ = {isa = PBXBuildFile; fileRef = 21FFE2F829131D7700A79F8F /* AIELogicTool.swift */; };
		21FFE2FB29131D9B00A79F8F /* AIEBranch.swift in Sources */ = {isa = PBXBuildFile; fileRef = 21FFE2FA29131D9B00A79F8F /* AIEBranch.swift */; };
		21FFE2FD29131DA500A79F8F /* AIELoop.swift in Sources */ = {isa = PBXBuildFile; fileRef = 21FFE2FC29131DA500A79F8F /* AIELoop.swift */; };
		21FFE2FF2913208C00A79F8F /* AIEBranch.inspector in Resources */ = {isa = PBXBuildFile; fileRef = 21FFE2FE2913208C00A79F8F /* AIEBranch.inspector */; };
		21FFE301291320F200A79F8F /* AIELoop.inspector in Resources */ = {isa = PBXBuildFile; fileRef = 21FFE300291320F200A79F8F /* AIELoop.inspector */; };
		25EC038B25D63212008A4DE4 /* AIEConvolution.inspector in Resources */ = {isa = PBXBuildFile; fileRef = 25EC038A25D63212008A4DE4 /* AIEConvolution.inspector */; };
		25EC038F25D659AD008A4DE4 /* AIEFullyConnected.inspector in Resources */ = {isa = PBXBuildFile; fileRef = 25EC038E25D659AD008A4DE4 /* AIEFullyConnected.inspector */; };
		25EC039525D7D499008A4DE4 /* AIELoss.inspector in Resources */ = {isa = PBXBuildFile; fileRef = 25EC039425D7D499008A4DE4 /* AIELoss.inspector */; };
		25EC039925D87D11008A4DE4 /* AIEUpsample.inspector in Resources */ = {isa = PBXBuildFile; fileRef = 25EC039825D87D11008A4DE4 /* AIEUpsample.inspector */; };
		25EC039F25D882F8008A4DE4 /* AIEPooling.inspector in Resources */ = {isa = PBXBuildFile; fileRef = 25EC039E25D882F8008A4DE4 /* AIEPooling.inspector */; };
		25EC03A325D8874C008A4DE4 /* AIEBatchNormalization.inspector in Resources */ = {isa = PBXBuildFile; fileRef = 25EC03A225D8874C008A4DE4 /* AIEBatchNormalization.inspector */; };
		25EC03A725DE02E6008A4DE4 /* AIEActivation.inspector in Resources */ = {isa = PBXBuildFile; fileRef = 25EC03A625DE02E6008A4DE4 /* AIEActivation.inspector */; };
		25EC03AB25DE231C008A4DE4 /* AIEReshape.inspector in Resources */ = {isa = PBXBuildFile; fileRef = 25EC03AA25DE231C008A4DE4 /* AIEReshape.inspector */; };
		25EC03AF25DEFAED008A4DE4 /* AIEDropout.inspector in Resources */ = {isa = PBXBuildFile; fileRef = 25EC03AE25DEFAED008A4DE4 /* AIEDropout.inspector */; };
		25EC03B325DEFE85008A4DE4 /* AIELayerNormalization.inspector in Resources */ = {isa = PBXBuildFile; fileRef = 25EC03B225DEFE85008A4DE4 /* AIELayerNormalization.inspector */; };
		25EC03B725DF0438008A4DE4 /* AIELSTM.inspector in Resources */ = {isa = PBXBuildFile; fileRef = 25EC03B625DF0438008A4DE4 /* AIELSTM.inspector */; };
		25EC03BD25E26613008A4DE4 /* AIESoftmax.inspector in Resources */ = {isa = PBXBuildFile; fileRef = 25EC03BC25E26613008A4DE4 /* AIESoftmax.inspector */; };
		25EC03C125E305BF008A4DE4 /* AIEReduction.inspector in Resources */ = {isa = PBXBuildFile; fileRef = 25EC03C025E305BF008A4DE4 /* AIEReduction.inspector */; };
		FA02BF4825B783CB001EFBBA /* AIEKnowledgeGraphIO.swift in Sources */ = {isa = PBXBuildFile; fileRef = FA02BF4725B783CB001EFBBA /* AIEKnowledgeGraphIO.swift */; };
		FA02BF4F25B78505001EFBBA /* AIEActivation.swift in Sources */ = {isa = PBXBuildFile; fileRef = FA02BF4E25B78505001EFBBA /* AIEActivation.swift */; };
		FA02BF5525B7851C001EFBBA /* AIEMultiheadAttention.swift in Sources */ = {isa = PBXBuildFile; fileRef = FA02BF5425B7851C001EFBBA /* AIEMultiheadAttention.swift */; };
		FA02BF5925B78527001EFBBA /* AIESoftmax.swift in Sources */ = {isa = PBXBuildFile; fileRef = FA02BF5825B78527001EFBBA /* AIESoftmax.swift */; };
		FA02BF5D25B78578001EFBBA /* AIEActivationTool.swift in Sources */ = {isa = PBXBuildFile; fileRef = FA02BF5C25B78578001EFBBA /* AIEActivationTool.swift */; };
		FA02BF6125B7973B001EFBBA /* AIETool.swift in Sources */ = {isa = PBXBuildFile; fileRef = FA02BF6025B7973B001EFBBA /* AIETool.swift */; };
		FA02BF6A25B7A6D6001EFBBA /* AIEMathTool.swift in Sources */ = {isa = PBXBuildFile; fileRef = FA02BF6925B7A6D6001EFBBA /* AIEMathTool.swift */; };
		FA02BF7025B7A796001EFBBA /* AIEArithmetic.swift in Sources */ = {isa = PBXBuildFile; fileRef = FA02BF6F25B7A796001EFBBA /* AIEArithmetic.swift */; };
		FA02BF7425B7A7B3001EFBBA /* AIEReduction.swift in Sources */ = {isa = PBXBuildFile; fileRef = FA02BF7325B7A7B3001EFBBA /* AIEReduction.swift */; };
		FA02BF7825B7A7C6001EFBBA /* AIEMatrixMultiplication.swift in Sources */ = {isa = PBXBuildFile; fileRef = FA02BF7725B7A7C6001EFBBA /* AIEMatrixMultiplication.swift */; };
		FA02BF7C25B7A7D9001EFBBA /* AIEFullyConnected.swift in Sources */ = {isa = PBXBuildFile; fileRef = FA02BF7B25B7A7D9001EFBBA /* AIEFullyConnected.swift */; };
		FA02BF8025B7A7F2001EFBBA /* AIEGramMatrix.swift in Sources */ = {isa = PBXBuildFile; fileRef = FA02BF7F25B7A7F2001EFBBA /* AIEGramMatrix.swift */; };
		FA02BF8725B7AAA4001EFBBA /* AIETransformationTool.swift in Sources */ = {isa = PBXBuildFile; fileRef = FA02BF8625B7AAA4001EFBBA /* AIETransformationTool.swift */; };
		FA02BF8D25B7AABA001EFBBA /* AIETranspose.swift in Sources */ = {isa = PBXBuildFile; fileRef = FA02BF8C25B7AABA001EFBBA /* AIETranspose.swift */; };
		FA02BF9125B7AACA001EFBBA /* AIEConcatenation.swift in Sources */ = {isa = PBXBuildFile; fileRef = FA02BF9025B7AACA001EFBBA /* AIEConcatenation.swift */; };
		FA02BF9525B7AAD9001EFBBA /* AIEReshape.swift in Sources */ = {isa = PBXBuildFile; fileRef = FA02BF9425B7AAD9001EFBBA /* AIEReshape.swift */; };
		FA02BF9925B7AAEA001EFBBA /* AIESlice.swift in Sources */ = {isa = PBXBuildFile; fileRef = FA02BF9825B7AAEA001EFBBA /* AIESlice.swift */; };
		FA02BF9D25B7AAF6001EFBBA /* AIESplit.swift in Sources */ = {isa = PBXBuildFile; fileRef = FA02BF9C25B7AAF6001EFBBA /* AIESplit.swift */; };
		FA02BFA125B7AAFF001EFBBA /* AIEPadding.swift in Sources */ = {isa = PBXBuildFile; fileRef = FA02BFA025B7AAFF001EFBBA /* AIEPadding.swift */; };
		FA02BFA625B7AC13001EFBBA /* AIENormalizationTool.swift in Sources */ = {isa = PBXBuildFile; fileRef = FA02BFA525B7AC13001EFBBA /* AIENormalizationTool.swift */; };
		FA02BFAC25B7AC2F001EFBBA /* AIELayerNormalization.swift in Sources */ = {isa = PBXBuildFile; fileRef = FA02BFAB25B7AC2F001EFBBA /* AIELayerNormalization.swift */; };
		FA02BFB225B7AC4D001EFBBA /* AIEBatchNormalization.swift in Sources */ = {isa = PBXBuildFile; fileRef = FA02BFB125B7AC4D001EFBBA /* AIEBatchNormalization.swift */; };
		FA02BFB625B7AC5B001EFBBA /* AIEGroupNormalization.swift in Sources */ = {isa = PBXBuildFile; fileRef = FA02BFB525B7AC5B001EFBBA /* AIEGroupNormalization.swift */; };
		FA02BFBA25B7AC66001EFBBA /* AIEInstanceNormalization.swift in Sources */ = {isa = PBXBuildFile; fileRef = FA02BFB925B7AC66001EFBBA /* AIEInstanceNormalization.swift */; };
		FA02BFC125B7ADC6001EFBBA /* AIELossTool.swift in Sources */ = {isa = PBXBuildFile; fileRef = FA02BFC025B7ADC6001EFBBA /* AIELossTool.swift */; };
		FA02BFC725B7ADD6001EFBBA /* AIELoss.swift in Sources */ = {isa = PBXBuildFile; fileRef = FA02BFC625B7ADD6001EFBBA /* AIELoss.swift */; };
		FA02BFCB25B7ADE9001EFBBA /* AIEYOLOLoss.swift in Sources */ = {isa = PBXBuildFile; fileRef = FA02BFCA25B7ADE9001EFBBA /* AIEYOLOLoss.swift */; };
		FA0F525F25D38F5900DD0F3D /* AIEGraphic.inspector in Resources */ = {isa = PBXBuildFile; fileRef = FA0F525E25D38F5900DD0F3D /* AIEGraphic.inspector */; };
		FA0F526325D392FD00DD0F3D /* AIEImageIO.inspector in Resources */ = {isa = PBXBuildFile; fileRef = FA0F526225D392FD00DD0F3D /* AIEImageIO.inspector */; };
		FA18B4A225AEA257000DEF0C /* AIExplorer.framework in Frameworks */ = {isa = PBXBuildFile; fileRef = FA18B49825AEA257000DEF0C /* AIExplorer.framework */; };
		FA18B4A725AEA257000DEF0C /* AIExplorerTests.m in Sources */ = {isa = PBXBuildFile; fileRef = FA18B4A625AEA257000DEF0C /* AIExplorerTests.m */; };
		FA18B4A925AEA257000DEF0C /* AIExplorer.h in Headers */ = {isa = PBXBuildFile; fileRef = FA18B49B25AEA257000DEF0C /* AIExplorer.h */; settings = {ATTRIBUTES = (Public, ); }; };
		FA18B4D825AEA305000DEF0C /* AIExplorer.ajrplugindata in Resources */ = {isa = PBXBuildFile; fileRef = FA18B4C725AEA305000DEF0C /* AIExplorer.ajrplugindata */; };
		FA18B4D925AEA305000DEF0C /* AIEToolSet.swift in Sources */ = {isa = PBXBuildFile; fileRef = FA18B4C925AEA305000DEF0C /* AIEToolSet.swift */; };
		FA18B4DA25AEA305000DEF0C /* AIEFilter.swift in Sources */ = {isa = PBXBuildFile; fileRef = FA18B4CA25AEA305000DEF0C /* AIEFilter.swift */; };
		FA18B4DB25AEA305000DEF0C /* AIEImageIO.swift in Sources */ = {isa = PBXBuildFile; fileRef = FA18B4CC25AEA305000DEF0C /* AIEImageIO.swift */; };
		FA18B4DC25AEA305000DEF0C /* AIEAudioIO.swift in Sources */ = {isa = PBXBuildFile; fileRef = FA18B4CD25AEA305000DEF0C /* AIEAudioIO.swift */; };
		FA18B4DD25AEA305000DEF0C /* AIETextIO.swift in Sources */ = {isa = PBXBuildFile; fileRef = FA18B4CE25AEA305000DEF0C /* AIETextIO.swift */; };
		FA18B4DE25AEA305000DEF0C /* AIEIOTool.swift in Sources */ = {isa = PBXBuildFile; fileRef = FA18B4CF25AEA305000DEF0C /* AIEIOTool.swift */; };
		FA18B4DF25AEA305000DEF0C /* AIEUpsample.swift in Sources */ = {isa = PBXBuildFile; fileRef = FA18B4D125AEA305000DEF0C /* AIEUpsample.swift */; };
		FA18B4E025AEA305000DEF0C /* AIEConvolutionTool.swift in Sources */ = {isa = PBXBuildFile; fileRef = FA18B4D225AEA305000DEF0C /* AIEConvolutionTool.swift */; };
		FA18B4E125AEA305000DEF0C /* AIEPooling.swift in Sources */ = {isa = PBXBuildFile; fileRef = FA18B4D325AEA305000DEF0C /* AIEPooling.swift */; };
		FA18B4E225AEA305000DEF0C /* AIEConvolution.swift in Sources */ = {isa = PBXBuildFile; fileRef = FA18B4D425AEA305000DEF0C /* AIEConvolution.swift */; };
		FA18B4E325AEA305000DEF0C /* AIEDropout.swift in Sources */ = {isa = PBXBuildFile; fileRef = FA18B4D525AEA305000DEF0C /* AIEDropout.swift */; };
		FA18B4E425AEA305000DEF0C /* AIELSTM.swift in Sources */ = {isa = PBXBuildFile; fileRef = FA18B4D625AEA305000DEF0C /* AIELSTM.swift */; };
		FA18B4E525AEA305000DEF0C /* AIEGraphic.swift in Sources */ = {isa = PBXBuildFile; fileRef = FA18B4D725AEA305000DEF0C /* AIEGraphic.swift */; };
		FA18B50D25AEA375000DEF0C /* AJRFoundation.framework in Frameworks */ = {isa = PBXBuildFile; fileRef = FA18B50C25AEA375000DEF0C /* AJRFoundation.framework */; };
		FA18B50F25AEA375000DEF0C /* AJRInterface.framework in Frameworks */ = {isa = PBXBuildFile; fileRef = FA18B50E25AEA375000DEF0C /* AJRInterface.framework */; };
		FA18B51125AEA375000DEF0C /* AJRInterfaceFoundation.framework in Frameworks */ = {isa = PBXBuildFile; fileRef = FA18B51025AEA375000DEF0C /* AJRInterfaceFoundation.framework */; };
		FA18B51325AEA375000DEF0C /* Draw.framework in Frameworks */ = {isa = PBXBuildFile; fileRef = FA18B51225AEA375000DEF0C /* Draw.framework */; };
		FA18B52325AEA433000DEF0C /* Cocoa.framework in Frameworks */ = {isa = PBXBuildFile; fileRef = FA18B52225AEA433000DEF0C /* Cocoa.framework */; };
		FA3C316B274D780E00B1A338 /* AIEProperties.swift in Sources */ = {isa = PBXBuildFile; fileRef = FA3C316A274D780E00B1A338 /* AIEProperties.swift */; };
		FA88824725F5D7C600DFE50B /* AIEDocumentTemplateChooser.swift in Sources */ = {isa = PBXBuildFile; fileRef = FA88824525F5D7C600DFE50B /* AIEDocumentTemplateChooser.swift */; };
		FA88824825F5D7C600DFE50B /* AIEDocumentTemplateChooser.xib in Resources */ = {isa = PBXBuildFile; fileRef = FA88824625F5D7C600DFE50B /* AIEDocumentTemplateChooser.xib */; };
		FA88825025F5E8FC00DFE50B /* AIEDocumentTemplate.swift in Sources */ = {isa = PBXBuildFile; fileRef = FA88824F25F5E8FC00DFE50B /* AIEDocumentTemplate.swift */; };
		FA88826E25F82ABF00DFE50B /* AIEDocumentTemplateChooserItem.xib in Resources */ = {isa = PBXBuildFile; fileRef = FA88826D25F82ABF00DFE50B /* AIEDocumentTemplateChooserItem.xib */; };
		FA8E368325BF8D0000EB554F /* AIELibrary.swift in Sources */ = {isa = PBXBuildFile; fileRef = FA8E368225BF8D0000EB554F /* AIELibrary.swift */; };
		FA8E368925BF8DE900EB554F /* AIETensorFlow.swift in Sources */ = {isa = PBXBuildFile; fileRef = FA8E368825BF8DE900EB554F /* AIETensorFlow.swift */; };
		FA8E369125BF8E0400EB554F /* AIEMLCompute.swift in Sources */ = {isa = PBXBuildFile; fileRef = FA8E369025BF8E0400EB554F /* AIEMLCompute.swift */; };
		FABD163D25C78722000294E3 /* AIECodeGenerator.swift in Sources */ = {isa = PBXBuildFile; fileRef = FABD163C25C78722000294E3 /* AIECodeGenerator.swift */; };
		FABD164125C7874B000294E3 /* AIEMLComputeCodeGenerator.swift in Sources */ = {isa = PBXBuildFile; fileRef = FABD164025C7874B000294E3 /* AIEMLComputeCodeGenerator.swift */; };
		FABD164525C78761000294E3 /* AIETensorFlowCodeGenerator.swift in Sources */ = {isa = PBXBuildFile; fileRef = FABD164425C78761000294E3 /* AIETensorFlowCodeGenerator.swift */; };
		FABD165925C8E8D8000294E3 /* AIESourceCodeAccessory.swift in Sources */ = {isa = PBXBuildFile; fileRef = FABD165825C8E8D8000294E3 /* AIESourceCodeAccessory.swift */; };
		FABD165F25C8E918000294E3 /* AIETrainingAccessory.swift in Sources */ = {isa = PBXBuildFile; fileRef = FABD165E25C8E918000294E3 /* AIETrainingAccessory.swift */; };
		FABD166425C8E931000294E3 /* AIEValidationAccessory.swift in Sources */ = {isa = PBXBuildFile; fileRef = FABD166225C8E931000294E3 /* AIEValidationAccessory.swift */; };
		FABD166525C8E931000294E3 /* AIEValidationAccessory.xib in Resources */ = {isa = PBXBuildFile; fileRef = FABD166325C8E931000294E3 /* AIEValidationAccessory.xib */; };
		FABD166A25C8E947000294E3 /* AIETestingAccessory.swift in Sources */ = {isa = PBXBuildFile; fileRef = FABD166825C8E947000294E3 /* AIETestingAccessory.swift */; };
		FABD166B25C8E947000294E3 /* AIETestingAccessory.xib in Resources */ = {isa = PBXBuildFile; fileRef = FABD166925C8E947000294E3 /* AIETestingAccessory.xib */; };
		FABD166F25C8E9BA000294E3 /* AIESourceCodeAccessory.xib in Resources */ = {isa = PBXBuildFile; fileRef = FABD166E25C8E9BA000294E3 /* AIESourceCodeAccessory.xib */; };
		FABD167525C8E9D7000294E3 /* AIETrainingAccessory.xib in Resources */ = {isa = PBXBuildFile; fileRef = FABD167425C8E9D7000294E3 /* AIETrainingAccessory.xib */; };
		FABD168925CA5556000294E3 /* AIEDocument.swift in Sources */ = {isa = PBXBuildFile; fileRef = FABD168825CA5556000294E3 /* AIEDocument.swift */; };
		FABD16A425CA578C000294E3 /* AIEDocumentStorage.swift in Sources */ = {isa = PBXBuildFile; fileRef = FABD16A325CA578C000294E3 /* AIEDocumentStorage.swift */; };
		FABD16A825CA59CB000294E3 /* AIEDocument.inspector in Resources */ = {isa = PBXBuildFile; fileRef = FABD16A725CA59CB000294E3 /* AIEDocument.inspector */; };
		FAD9250525AEA5ED00079DAB /* AIExplorer.xcassets in Resources */ = {isa = PBXBuildFile; fileRef = FAD9250425AEA5ED00079DAB /* AIExplorer.xcassets */; };
		FADD1CFF270FD5B9000C49DA /* AIECodeDefinition.swift in Sources */ = {isa = PBXBuildFile; fileRef = FADD1CFE270FD5B9000C49DA /* AIECodeDefinition.swift */; };
		FAF2664A2719051700EC0A19 /* AIEMessage.swift in Sources */ = {isa = PBXBuildFile; fileRef = FAF266492719051700EC0A19 /* AIEMessage.swift */; };
/* End PBXBuildFile section */

/* Begin PBXBuildRule section */
		FABD163925C78665000294E3 /* PBXBuildRule */ = {
			isa = PBXBuildRule;
			compilerSpec = com.apple.compilers.proxy.script;
			filePatterns = "*.ajrplugindata";
			fileType = pattern.proxy;
			inputFiles = (
			);
			isEditable = 1;
			outputFiles = (
				"$(BUILT_PRODUCTS_DIR)/$(UNLOCALIZED_RESOURCES_FOLDER_PATH)/$(INPUT_FILE_BASE).ajrplugindata",
			);
			script = "Tools/CopyAndValidatePlugInData\n";
		};
/* End PBXBuildRule section */

/* Begin PBXContainerItemProxy section */
		FA18B4A325AEA257000DEF0C /* PBXContainerItemProxy */ = {
			isa = PBXContainerItemProxy;
			containerPortal = FA18B48F25AEA256000DEF0C /* Project object */;
			proxyType = 1;
			remoteGlobalIDString = FA18B49725AEA257000DEF0C;
			remoteInfo = AIExplorer;
		};
/* End PBXContainerItemProxy section */

/* Begin PBXFileReference section */
		210F8F892730A7F5004A939D /* AIEMessagesInspector.swift */ = {isa = PBXFileReference; lastKnownFileType = sourcecode.swift; path = AIEMessagesInspector.swift; sourceTree = "<group>"; };
		210F8F8A2730A7F5004A939D /* AIEMessagesInspector.xib */ = {isa = PBXFileReference; lastKnownFileType = file.xib; path = AIEMessagesInspector.xib; sourceTree = "<group>"; };
		210F8F912742ECF1004A939D /* AIEMLComputeObjCGenerator.swift */ = {isa = PBXFileReference; lastKnownFileType = sourcecode.swift; path = AIEMLComputeObjCGenerator.swift; sourceTree = "<group>"; };
		210F8F932742ED08004A939D /* AIEMLComputeSwiftGenerator.swift */ = {isa = PBXFileReference; lastKnownFileType = sourcecode.swift; path = AIEMLComputeSwiftGenerator.swift; sourceTree = "<group>"; };
		2169BA2E2748799B00A5407D /* AIEIO.swift */ = {isa = PBXFileReference; lastKnownFileType = sourcecode.swift; path = AIEIO.swift; sourceTree = "<group>"; };
		21FCD9CA27067AD80049E558 /* AIETitle.swift */ = {isa = PBXFileReference; lastKnownFileType = sourcecode.swift; path = AIETitle.swift; sourceTree = "<group>"; };
		21FFE2F829131D7700A79F8F /* AIELogicTool.swift */ = {isa = PBXFileReference; lastKnownFileType = sourcecode.swift; path = AIELogicTool.swift; sourceTree = "<group>"; };
		21FFE2FA29131D9B00A79F8F /* AIEBranch.swift */ = {isa = PBXFileReference; lastKnownFileType = sourcecode.swift; path = AIEBranch.swift; sourceTree = "<group>"; };
		21FFE2FC29131DA500A79F8F /* AIELoop.swift */ = {isa = PBXFileReference; lastKnownFileType = sourcecode.swift; path = AIELoop.swift; sourceTree = "<group>"; };
		21FFE2FE2913208C00A79F8F /* AIEBranch.inspector */ = {isa = PBXFileReference; explicitFileType = text.xml; path = AIEBranch.inspector; sourceTree = "<group>"; };
		21FFE300291320F200A79F8F /* AIELoop.inspector */ = {isa = PBXFileReference; explicitFileType = text.xml; path = AIELoop.inspector; sourceTree = "<group>"; };
		25EC038A25D63212008A4DE4 /* AIEConvolution.inspector */ = {isa = PBXFileReference; fileEncoding = 4; lastKnownFileType = text.xml; path = AIEConvolution.inspector; sourceTree = "<group>"; };
		25EC038E25D659AD008A4DE4 /* AIEFullyConnected.inspector */ = {isa = PBXFileReference; lastKnownFileType = text.xml; path = AIEFullyConnected.inspector; sourceTree = "<group>"; };
		25EC039425D7D499008A4DE4 /* AIELoss.inspector */ = {isa = PBXFileReference; lastKnownFileType = text; path = AIELoss.inspector; sourceTree = "<group>"; };
		25EC039825D87D11008A4DE4 /* AIEUpsample.inspector */ = {isa = PBXFileReference; lastKnownFileType = text.xml; path = AIEUpsample.inspector; sourceTree = "<group>"; };
		25EC039E25D882F8008A4DE4 /* AIEPooling.inspector */ = {isa = PBXFileReference; lastKnownFileType = text; path = AIEPooling.inspector; sourceTree = "<group>"; };
		25EC03A225D8874C008A4DE4 /* AIEBatchNormalization.inspector */ = {isa = PBXFileReference; lastKnownFileType = text; path = AIEBatchNormalization.inspector; sourceTree = "<group>"; };
		25EC03A625DE02E6008A4DE4 /* AIEActivation.inspector */ = {isa = PBXFileReference; lastKnownFileType = text; path = AIEActivation.inspector; sourceTree = "<group>"; };
		25EC03AA25DE231C008A4DE4 /* AIEReshape.inspector */ = {isa = PBXFileReference; lastKnownFileType = text; path = AIEReshape.inspector; sourceTree = "<group>"; };
		25EC03AE25DEFAED008A4DE4 /* AIEDropout.inspector */ = {isa = PBXFileReference; lastKnownFileType = text; path = AIEDropout.inspector; sourceTree = "<group>"; };
		25EC03B225DEFE85008A4DE4 /* AIELayerNormalization.inspector */ = {isa = PBXFileReference; lastKnownFileType = text; path = AIELayerNormalization.inspector; sourceTree = "<group>"; };
		25EC03B625DF0438008A4DE4 /* AIELSTM.inspector */ = {isa = PBXFileReference; lastKnownFileType = text.xml; path = AIELSTM.inspector; sourceTree = "<group>"; };
		25EC03BC25E26613008A4DE4 /* AIESoftmax.inspector */ = {isa = PBXFileReference; lastKnownFileType = text; path = AIESoftmax.inspector; sourceTree = "<group>"; };
		25EC03C025E305BF008A4DE4 /* AIEReduction.inspector */ = {isa = PBXFileReference; lastKnownFileType = text; path = AIEReduction.inspector; sourceTree = "<group>"; };
		FA02BF4725B783CB001EFBBA /* AIEKnowledgeGraphIO.swift */ = {isa = PBXFileReference; lastKnownFileType = sourcecode.swift; path = AIEKnowledgeGraphIO.swift; sourceTree = "<group>"; };
		FA02BF4E25B78505001EFBBA /* AIEActivation.swift */ = {isa = PBXFileReference; lastKnownFileType = sourcecode.swift; path = AIEActivation.swift; sourceTree = "<group>"; };
		FA02BF5425B7851C001EFBBA /* AIEMultiheadAttention.swift */ = {isa = PBXFileReference; lastKnownFileType = sourcecode.swift; path = AIEMultiheadAttention.swift; sourceTree = "<group>"; };
		FA02BF5825B78527001EFBBA /* AIESoftmax.swift */ = {isa = PBXFileReference; lastKnownFileType = sourcecode.swift; path = AIESoftmax.swift; sourceTree = "<group>"; };
		FA02BF5C25B78578001EFBBA /* AIEActivationTool.swift */ = {isa = PBXFileReference; lastKnownFileType = sourcecode.swift; path = AIEActivationTool.swift; sourceTree = "<group>"; };
		FA02BF6025B7973B001EFBBA /* AIETool.swift */ = {isa = PBXFileReference; lastKnownFileType = sourcecode.swift; path = AIETool.swift; sourceTree = "<group>"; };
		FA02BF6925B7A6D6001EFBBA /* AIEMathTool.swift */ = {isa = PBXFileReference; lastKnownFileType = sourcecode.swift; path = AIEMathTool.swift; sourceTree = "<group>"; };
		FA02BF6F25B7A796001EFBBA /* AIEArithmetic.swift */ = {isa = PBXFileReference; lastKnownFileType = sourcecode.swift; path = AIEArithmetic.swift; sourceTree = "<group>"; };
		FA02BF7325B7A7B3001EFBBA /* AIEReduction.swift */ = {isa = PBXFileReference; lastKnownFileType = sourcecode.swift; path = AIEReduction.swift; sourceTree = "<group>"; };
		FA02BF7725B7A7C6001EFBBA /* AIEMatrixMultiplication.swift */ = {isa = PBXFileReference; lastKnownFileType = sourcecode.swift; path = AIEMatrixMultiplication.swift; sourceTree = "<group>"; };
		FA02BF7B25B7A7D9001EFBBA /* AIEFullyConnected.swift */ = {isa = PBXFileReference; lastKnownFileType = sourcecode.swift; path = AIEFullyConnected.swift; sourceTree = "<group>"; };
		FA02BF7F25B7A7F2001EFBBA /* AIEGramMatrix.swift */ = {isa = PBXFileReference; lastKnownFileType = sourcecode.swift; path = AIEGramMatrix.swift; sourceTree = "<group>"; };
		FA02BF8625B7AAA4001EFBBA /* AIETransformationTool.swift */ = {isa = PBXFileReference; lastKnownFileType = sourcecode.swift; path = AIETransformationTool.swift; sourceTree = "<group>"; };
		FA02BF8C25B7AABA001EFBBA /* AIETranspose.swift */ = {isa = PBXFileReference; lastKnownFileType = sourcecode.swift; path = AIETranspose.swift; sourceTree = "<group>"; };
		FA02BF9025B7AACA001EFBBA /* AIEConcatenation.swift */ = {isa = PBXFileReference; lastKnownFileType = sourcecode.swift; path = AIEConcatenation.swift; sourceTree = "<group>"; };
		FA02BF9425B7AAD9001EFBBA /* AIEReshape.swift */ = {isa = PBXFileReference; lastKnownFileType = sourcecode.swift; path = AIEReshape.swift; sourceTree = "<group>"; };
		FA02BF9825B7AAEA001EFBBA /* AIESlice.swift */ = {isa = PBXFileReference; lastKnownFileType = sourcecode.swift; path = AIESlice.swift; sourceTree = "<group>"; };
		FA02BF9C25B7AAF6001EFBBA /* AIESplit.swift */ = {isa = PBXFileReference; lastKnownFileType = sourcecode.swift; path = AIESplit.swift; sourceTree = "<group>"; };
		FA02BFA025B7AAFF001EFBBA /* AIEPadding.swift */ = {isa = PBXFileReference; lastKnownFileType = sourcecode.swift; path = AIEPadding.swift; sourceTree = "<group>"; };
		FA02BFA525B7AC13001EFBBA /* AIENormalizationTool.swift */ = {isa = PBXFileReference; lastKnownFileType = sourcecode.swift; path = AIENormalizationTool.swift; sourceTree = "<group>"; };
		FA02BFAB25B7AC2F001EFBBA /* AIELayerNormalization.swift */ = {isa = PBXFileReference; lastKnownFileType = sourcecode.swift; path = AIELayerNormalization.swift; sourceTree = "<group>"; };
		FA02BFB125B7AC4D001EFBBA /* AIEBatchNormalization.swift */ = {isa = PBXFileReference; lastKnownFileType = sourcecode.swift; path = AIEBatchNormalization.swift; sourceTree = "<group>"; };
		FA02BFB525B7AC5B001EFBBA /* AIEGroupNormalization.swift */ = {isa = PBXFileReference; lastKnownFileType = sourcecode.swift; path = AIEGroupNormalization.swift; sourceTree = "<group>"; };
		FA02BFB925B7AC66001EFBBA /* AIEInstanceNormalization.swift */ = {isa = PBXFileReference; lastKnownFileType = sourcecode.swift; path = AIEInstanceNormalization.swift; sourceTree = "<group>"; };
		FA02BFC025B7ADC6001EFBBA /* AIELossTool.swift */ = {isa = PBXFileReference; lastKnownFileType = sourcecode.swift; path = AIELossTool.swift; sourceTree = "<group>"; };
		FA02BFC625B7ADD6001EFBBA /* AIELoss.swift */ = {isa = PBXFileReference; lastKnownFileType = sourcecode.swift; path = AIELoss.swift; sourceTree = "<group>"; };
		FA02BFCA25B7ADE9001EFBBA /* AIEYOLOLoss.swift */ = {isa = PBXFileReference; lastKnownFileType = sourcecode.swift; path = AIEYOLOLoss.swift; sourceTree = "<group>"; };
		FA0F525E25D38F5900DD0F3D /* AIEGraphic.inspector */ = {isa = PBXFileReference; lastKnownFileType = text.xml; path = AIEGraphic.inspector; sourceTree = "<group>"; };
		FA0F526225D392FD00DD0F3D /* AIEImageIO.inspector */ = {isa = PBXFileReference; lastKnownFileType = text; path = AIEImageIO.inspector; sourceTree = "<group>"; };
		FA18B49825AEA257000DEF0C /* AIExplorer.framework */ = {isa = PBXFileReference; explicitFileType = wrapper.framework; includeInIndex = 0; path = AIExplorer.framework; sourceTree = BUILT_PRODUCTS_DIR; };
		FA18B49B25AEA257000DEF0C /* AIExplorer.h */ = {isa = PBXFileReference; lastKnownFileType = sourcecode.c.h; path = AIExplorer.h; sourceTree = "<group>"; };
		FA18B49C25AEA257000DEF0C /* Info.plist */ = {isa = PBXFileReference; lastKnownFileType = text.plist.xml; path = Info.plist; sourceTree = "<group>"; };
		FA18B4A125AEA257000DEF0C /* AIExplorerTests.xctest */ = {isa = PBXFileReference; explicitFileType = wrapper.cfbundle; includeInIndex = 0; path = AIExplorerTests.xctest; sourceTree = BUILT_PRODUCTS_DIR; };
		FA18B4A625AEA257000DEF0C /* AIExplorerTests.m */ = {isa = PBXFileReference; lastKnownFileType = sourcecode.c.objc; path = AIExplorerTests.m; sourceTree = "<group>"; };
		FA18B4A825AEA257000DEF0C /* Info.plist */ = {isa = PBXFileReference; lastKnownFileType = text.plist.xml; path = Info.plist; sourceTree = "<group>"; };
		FA18B4C725AEA305000DEF0C /* AIExplorer.ajrplugindata */ = {isa = PBXFileReference; fileEncoding = 4; lastKnownFileType = text.xml; path = AIExplorer.ajrplugindata; sourceTree = "<group>"; };
		FA18B4C925AEA305000DEF0C /* AIEToolSet.swift */ = {isa = PBXFileReference; fileEncoding = 4; lastKnownFileType = sourcecode.swift; path = AIEToolSet.swift; sourceTree = "<group>"; };
		FA18B4CA25AEA305000DEF0C /* AIEFilter.swift */ = {isa = PBXFileReference; fileEncoding = 4; lastKnownFileType = sourcecode.swift; path = AIEFilter.swift; sourceTree = "<group>"; };
		FA18B4CC25AEA305000DEF0C /* AIEImageIO.swift */ = {isa = PBXFileReference; fileEncoding = 4; lastKnownFileType = sourcecode.swift; path = AIEImageIO.swift; sourceTree = "<group>"; };
		FA18B4CD25AEA305000DEF0C /* AIEAudioIO.swift */ = {isa = PBXFileReference; fileEncoding = 4; lastKnownFileType = sourcecode.swift; path = AIEAudioIO.swift; sourceTree = "<group>"; };
		FA18B4CE25AEA305000DEF0C /* AIETextIO.swift */ = {isa = PBXFileReference; fileEncoding = 4; lastKnownFileType = sourcecode.swift; path = AIETextIO.swift; sourceTree = "<group>"; };
		FA18B4CF25AEA305000DEF0C /* AIEIOTool.swift */ = {isa = PBXFileReference; fileEncoding = 4; lastKnownFileType = sourcecode.swift; path = AIEIOTool.swift; sourceTree = "<group>"; };
		FA18B4D125AEA305000DEF0C /* AIEUpsample.swift */ = {isa = PBXFileReference; fileEncoding = 4; lastKnownFileType = sourcecode.swift; path = AIEUpsample.swift; sourceTree = "<group>"; };
		FA18B4D225AEA305000DEF0C /* AIEConvolutionTool.swift */ = {isa = PBXFileReference; fileEncoding = 4; lastKnownFileType = sourcecode.swift; path = AIEConvolutionTool.swift; sourceTree = "<group>"; };
		FA18B4D325AEA305000DEF0C /* AIEPooling.swift */ = {isa = PBXFileReference; fileEncoding = 4; lastKnownFileType = sourcecode.swift; path = AIEPooling.swift; sourceTree = "<group>"; };
		FA18B4D425AEA305000DEF0C /* AIEConvolution.swift */ = {isa = PBXFileReference; fileEncoding = 4; lastKnownFileType = sourcecode.swift; path = AIEConvolution.swift; sourceTree = "<group>"; };
		FA18B4D525AEA305000DEF0C /* AIEDropout.swift */ = {isa = PBXFileReference; fileEncoding = 4; lastKnownFileType = sourcecode.swift; path = AIEDropout.swift; sourceTree = "<group>"; };
		FA18B4D625AEA305000DEF0C /* AIELSTM.swift */ = {isa = PBXFileReference; fileEncoding = 4; lastKnownFileType = sourcecode.swift; path = AIELSTM.swift; sourceTree = "<group>"; };
		FA18B4D725AEA305000DEF0C /* AIEGraphic.swift */ = {isa = PBXFileReference; fileEncoding = 4; lastKnownFileType = sourcecode.swift; path = AIEGraphic.swift; sourceTree = "<group>"; };
		FA18B50C25AEA375000DEF0C /* AJRFoundation.framework */ = {isa = PBXFileReference; explicitFileType = wrapper.framework; path = AJRFoundation.framework; sourceTree = BUILT_PRODUCTS_DIR; };
		FA18B50E25AEA375000DEF0C /* AJRInterface.framework */ = {isa = PBXFileReference; explicitFileType = wrapper.framework; path = AJRInterface.framework; sourceTree = BUILT_PRODUCTS_DIR; };
		FA18B51025AEA375000DEF0C /* AJRInterfaceFoundation.framework */ = {isa = PBXFileReference; explicitFileType = wrapper.framework; path = AJRInterfaceFoundation.framework; sourceTree = BUILT_PRODUCTS_DIR; };
		FA18B51225AEA375000DEF0C /* Draw.framework */ = {isa = PBXFileReference; explicitFileType = wrapper.framework; path = Draw.framework; sourceTree = BUILT_PRODUCTS_DIR; };
		FA18B52225AEA433000DEF0C /* Cocoa.framework */ = {isa = PBXFileReference; lastKnownFileType = wrapper.framework; name = Cocoa.framework; path = System/Library/Frameworks/Cocoa.framework; sourceTree = SDKROOT; };
		FA2877082611768E00F5BBE8 /* LICENSE.md */ = {isa = PBXFileReference; lastKnownFileType = net.daringfireball.markdown; path = LICENSE.md; sourceTree = "<group>"; };
		FA3C316A274D780E00B1A338 /* AIEProperties.swift */ = {isa = PBXFileReference; lastKnownFileType = sourcecode.swift; path = AIEProperties.swift; sourceTree = "<group>"; };
		FA88824525F5D7C600DFE50B /* AIEDocumentTemplateChooser.swift */ = {isa = PBXFileReference; lastKnownFileType = sourcecode.swift; path = AIEDocumentTemplateChooser.swift; sourceTree = "<group>"; };
		FA88824625F5D7C600DFE50B /* AIEDocumentTemplateChooser.xib */ = {isa = PBXFileReference; lastKnownFileType = file.xib; path = AIEDocumentTemplateChooser.xib; sourceTree = "<group>"; };
		FA88824F25F5E8FC00DFE50B /* AIEDocumentTemplate.swift */ = {isa = PBXFileReference; lastKnownFileType = sourcecode.swift; path = AIEDocumentTemplate.swift; sourceTree = "<group>"; };
		FA88826D25F82ABF00DFE50B /* AIEDocumentTemplateChooserItem.xib */ = {isa = PBXFileReference; lastKnownFileType = file.xib; path = AIEDocumentTemplateChooserItem.xib; sourceTree = "<group>"; };
		FA8E368225BF8D0000EB554F /* AIELibrary.swift */ = {isa = PBXFileReference; lastKnownFileType = sourcecode.swift; path = AIELibrary.swift; sourceTree = "<group>"; };
		FA8E368825BF8DE900EB554F /* AIETensorFlow.swift */ = {isa = PBXFileReference; lastKnownFileType = sourcecode.swift; path = AIETensorFlow.swift; sourceTree = "<group>"; };
		FA8E369025BF8E0400EB554F /* AIEMLCompute.swift */ = {isa = PBXFileReference; lastKnownFileType = sourcecode.swift; path = AIEMLCompute.swift; sourceTree = "<group>"; };
		FA8E36CC25C0C4FB00EB554F /* README.md */ = {isa = PBXFileReference; lastKnownFileType = net.daringfireball.markdown; path = README.md; sourceTree = "<group>"; };
		FABD163C25C78722000294E3 /* AIECodeGenerator.swift */ = {isa = PBXFileReference; lastKnownFileType = sourcecode.swift; path = AIECodeGenerator.swift; sourceTree = "<group>"; };
		FABD164025C7874B000294E3 /* AIEMLComputeCodeGenerator.swift */ = {isa = PBXFileReference; lastKnownFileType = sourcecode.swift; path = AIEMLComputeCodeGenerator.swift; sourceTree = "<group>"; };
		FABD164425C78761000294E3 /* AIETensorFlowCodeGenerator.swift */ = {isa = PBXFileReference; lastKnownFileType = sourcecode.swift; path = AIETensorFlowCodeGenerator.swift; sourceTree = "<group>"; };
		FABD165825C8E8D8000294E3 /* AIESourceCodeAccessory.swift */ = {isa = PBXFileReference; lastKnownFileType = sourcecode.swift; path = AIESourceCodeAccessory.swift; sourceTree = "<group>"; };
		FABD165E25C8E918000294E3 /* AIETrainingAccessory.swift */ = {isa = PBXFileReference; lastKnownFileType = sourcecode.swift; path = AIETrainingAccessory.swift; sourceTree = "<group>"; };
		FABD166225C8E931000294E3 /* AIEValidationAccessory.swift */ = {isa = PBXFileReference; lastKnownFileType = sourcecode.swift; path = AIEValidationAccessory.swift; sourceTree = "<group>"; };
		FABD166325C8E931000294E3 /* AIEValidationAccessory.xib */ = {isa = PBXFileReference; lastKnownFileType = file.xib; path = AIEValidationAccessory.xib; sourceTree = "<group>"; };
		FABD166825C8E947000294E3 /* AIETestingAccessory.swift */ = {isa = PBXFileReference; lastKnownFileType = sourcecode.swift; path = AIETestingAccessory.swift; sourceTree = "<group>"; };
		FABD166925C8E947000294E3 /* AIETestingAccessory.xib */ = {isa = PBXFileReference; lastKnownFileType = file.xib; path = AIETestingAccessory.xib; sourceTree = "<group>"; };
		FABD166E25C8E9BA000294E3 /* AIESourceCodeAccessory.xib */ = {isa = PBXFileReference; fileEncoding = 4; lastKnownFileType = file.xib; path = AIESourceCodeAccessory.xib; sourceTree = "<group>"; };
		FABD167425C8E9D7000294E3 /* AIETrainingAccessory.xib */ = {isa = PBXFileReference; fileEncoding = 4; lastKnownFileType = file.xib; path = AIETrainingAccessory.xib; sourceTree = "<group>"; };
		FABD168825CA5556000294E3 /* AIEDocument.swift */ = {isa = PBXFileReference; lastKnownFileType = sourcecode.swift; path = AIEDocument.swift; sourceTree = "<group>"; };
		FABD16A325CA578C000294E3 /* AIEDocumentStorage.swift */ = {isa = PBXFileReference; lastKnownFileType = sourcecode.swift; path = AIEDocumentStorage.swift; sourceTree = "<group>"; };
		FABD16A725CA59CB000294E3 /* AIEDocument.inspector */ = {isa = PBXFileReference; lastKnownFileType = text; path = AIEDocument.inspector; sourceTree = "<group>"; };
		FAD9250425AEA5ED00079DAB /* AIExplorer.xcassets */ = {isa = PBXFileReference; lastKnownFileType = folder.assetcatalog; path = AIExplorer.xcassets; sourceTree = "<group>"; };
		FADD1CFE270FD5B9000C49DA /* AIECodeDefinition.swift */ = {isa = PBXFileReference; lastKnownFileType = sourcecode.swift; path = AIECodeDefinition.swift; sourceTree = "<group>"; };
		FAF266492719051700EC0A19 /* AIEMessage.swift */ = {isa = PBXFileReference; lastKnownFileType = sourcecode.swift; path = AIEMessage.swift; sourceTree = "<group>"; };
/* End PBXFileReference section */

/* Begin PBXFrameworksBuildPhase section */
		FA18B49525AEA257000DEF0C /* Frameworks */ = {
			isa = PBXFrameworksBuildPhase;
			buildActionMask = 2147483647;
			files = (
				FA18B52325AEA433000DEF0C /* Cocoa.framework in Frameworks */,
				FA18B50D25AEA375000DEF0C /* AJRFoundation.framework in Frameworks */,
				FA18B50F25AEA375000DEF0C /* AJRInterface.framework in Frameworks */,
				FA18B51125AEA375000DEF0C /* AJRInterfaceFoundation.framework in Frameworks */,
				FA18B51325AEA375000DEF0C /* Draw.framework in Frameworks */,
			);
			runOnlyForDeploymentPostprocessing = 0;
		};
		FA18B49E25AEA257000DEF0C /* Frameworks */ = {
			isa = PBXFrameworksBuildPhase;
			buildActionMask = 2147483647;
			files = (
				FA18B4A225AEA257000DEF0C /* AIExplorer.framework in Frameworks */,
			);
			runOnlyForDeploymentPostprocessing = 0;
		};
/* End PBXFrameworksBuildPhase section */

/* Begin PBXGroup section */
		21FFE2F729130DB700A79F8F /* Logic */ = {
			isa = PBXGroup;
			children = (
				21FFE2FE2913208C00A79F8F /* AIEBranch.inspector */,
				21FFE2FA29131D9B00A79F8F /* AIEBranch.swift */,
				21FFE2F829131D7700A79F8F /* AIELogicTool.swift */,
				21FFE300291320F200A79F8F /* AIELoop.inspector */,
				21FFE2FC29131DA500A79F8F /* AIELoop.swift */,
			);
			path = Logic;
			sourceTree = "<group>";
		};
		FA02BF4D25B784EC001EFBBA /* Activation */ = {
			isa = PBXGroup;
			children = (
				25EC03A625DE02E6008A4DE4 /* AIEActivation.inspector */,
				FA02BF4E25B78505001EFBBA /* AIEActivation.swift */,
				FA02BF5C25B78578001EFBBA /* AIEActivationTool.swift */,
				FA02BF5425B7851C001EFBBA /* AIEMultiheadAttention.swift */,
				25EC03BC25E26613008A4DE4 /* AIESoftmax.inspector */,
				FA02BF5825B78527001EFBBA /* AIESoftmax.swift */,
			);
			path = Activation;
			sourceTree = "<group>";
		};
		FA02BF6825B7A6B7001EFBBA /* Math */ = {
			isa = PBXGroup;
			children = (
				FA02BF6F25B7A796001EFBBA /* AIEArithmetic.swift */,
				25EC038E25D659AD008A4DE4 /* AIEFullyConnected.inspector */,
				FA02BF7B25B7A7D9001EFBBA /* AIEFullyConnected.swift */,
				FA02BF7F25B7A7F2001EFBBA /* AIEGramMatrix.swift */,
				FA02BF6925B7A6D6001EFBBA /* AIEMathTool.swift */,
				FA02BF7725B7A7C6001EFBBA /* AIEMatrixMultiplication.swift */,
				25EC03C025E305BF008A4DE4 /* AIEReduction.inspector */,
				FA02BF7325B7A7B3001EFBBA /* AIEReduction.swift */,
			);
			path = Math;
			sourceTree = "<group>";
		};
		FA02BF8525B7AA8B001EFBBA /* Transformation */ = {
			isa = PBXGroup;
			children = (
				FA02BF9025B7AACA001EFBBA /* AIEConcatenation.swift */,
				FA02BFA025B7AAFF001EFBBA /* AIEPadding.swift */,
				25EC03AA25DE231C008A4DE4 /* AIEReshape.inspector */,
				FA02BF9425B7AAD9001EFBBA /* AIEReshape.swift */,
				FA02BF9825B7AAEA001EFBBA /* AIESlice.swift */,
				FA02BF9C25B7AAF6001EFBBA /* AIESplit.swift */,
				FA02BF8625B7AAA4001EFBBA /* AIETransformationTool.swift */,
				FA02BF8C25B7AABA001EFBBA /* AIETranspose.swift */,
			);
			path = Transformation;
			sourceTree = "<group>";
		};
		FA02BFA425B7ABF9001EFBBA /* Normalization */ = {
			isa = PBXGroup;
			children = (
				25EC03A225D8874C008A4DE4 /* AIEBatchNormalization.inspector */,
				FA02BFB125B7AC4D001EFBBA /* AIEBatchNormalization.swift */,
				25EC03AE25DEFAED008A4DE4 /* AIEDropout.inspector */,
				FA18B4D525AEA305000DEF0C /* AIEDropout.swift */,
				FA02BFB525B7AC5B001EFBBA /* AIEGroupNormalization.swift */,
				FA02BFB925B7AC66001EFBBA /* AIEInstanceNormalization.swift */,
				25EC03B225DEFE85008A4DE4 /* AIELayerNormalization.inspector */,
				FA02BFAB25B7AC2F001EFBBA /* AIELayerNormalization.swift */,
				FA02BFA525B7AC13001EFBBA /* AIENormalizationTool.swift */,
			);
			path = Normalization;
			sourceTree = "<group>";
		};
		FA02BFBF25B7ADB3001EFBBA /* Loss */ = {
			isa = PBXGroup;
			children = (
				25EC039425D7D499008A4DE4 /* AIELoss.inspector */,
				FA02BFC625B7ADD6001EFBBA /* AIELoss.swift */,
				FA02BFC025B7ADC6001EFBBA /* AIELossTool.swift */,
				FA02BFCA25B7ADE9001EFBBA /* AIEYOLOLoss.swift */,
			);
			path = Loss;
			sourceTree = "<group>";
		};
		FA18B48E25AEA256000DEF0C = {
			isa = PBXGroup;
			children = (
				FA2877082611768E00F5BBE8 /* LICENSE.md */,
				FA8E36CC25C0C4FB00EB554F /* README.md */,
				FA18B49A25AEA257000DEF0C /* AIExplorer */,
				FA18B4A525AEA257000DEF0C /* AIExplorerTests */,
				FA18B49925AEA257000DEF0C /* Products */,
				FA18B50B25AEA375000DEF0C /* Frameworks */,
			);
			sourceTree = "<group>";
		};
		FA18B49925AEA257000DEF0C /* Products */ = {
			isa = PBXGroup;
			children = (
				FA18B49825AEA257000DEF0C /* AIExplorer.framework */,
				FA18B4A125AEA257000DEF0C /* AIExplorerTests.xctest */,
			);
			name = Products;
			sourceTree = "<group>";
		};
		FA18B49A25AEA257000DEF0C /* AIExplorer */ = {
			isa = PBXGroup;
			children = (
				FAD9250425AEA5ED00079DAB /* AIExplorer.xcassets */,
				FA18B4C725AEA305000DEF0C /* AIExplorer.ajrplugindata */,
				FABD165725C8E8B6000294E3 /* Accessories */,
				FA3C3169274D77E400B1A338 /* Aspects */,
				FABD168325C9FFCE000294E3 /* Document */,
				FA8E368125BF8CE100EB554F /* Libraries */,
				FA18B4C825AEA305000DEF0C /* Tools */,
				FA88824425F5D76B00DFE50B /* User Interface */,
				FA18B49B25AEA257000DEF0C /* AIExplorer.h */,
				FA18B49C25AEA257000DEF0C /* Info.plist */,
			);
			path = AIExplorer;
			sourceTree = "<group>";
		};
		FA18B4A525AEA257000DEF0C /* AIExplorerTests */ = {
			isa = PBXGroup;
			children = (
				FA18B4A625AEA257000DEF0C /* AIExplorerTests.m */,
				FA18B4A825AEA257000DEF0C /* Info.plist */,
			);
			path = AIExplorerTests;
			sourceTree = "<group>";
		};
		FA18B4C825AEA305000DEF0C /* Tools */ = {
			isa = PBXGroup;
			children = (
				FA02BF4D25B784EC001EFBBA /* Activation */,
				FA18B4D025AEA305000DEF0C /* Convolution */,
				FA18B4CB25AEA305000DEF0C /* IO */,
				FA02BFBF25B7ADB3001EFBBA /* Loss */,
				21FFE2F729130DB700A79F8F /* Logic */,
				FA02BF6825B7A6B7001EFBBA /* Math */,
				FA02BFA425B7ABF9001EFBBA /* Normalization */,
				FA02BF8525B7AA8B001EFBBA /* Transformation */,
				FA18B4CA25AEA305000DEF0C /* AIEFilter.swift */,
				FA18B4D725AEA305000DEF0C /* AIEGraphic.swift */,
				FA0F525E25D38F5900DD0F3D /* AIEGraphic.inspector */,
				FA02BF6025B7973B001EFBBA /* AIETool.swift */,
				FA18B4C925AEA305000DEF0C /* AIEToolSet.swift */,
			);
			path = Tools;
			sourceTree = "<group>";
		};
		FA18B4CB25AEA305000DEF0C /* IO */ = {
			isa = PBXGroup;
			children = (
				FA18B4CD25AEA305000DEF0C /* AIEAudioIO.swift */,
				FA0F526225D392FD00DD0F3D /* AIEImageIO.inspector */,
				FA18B4CC25AEA305000DEF0C /* AIEImageIO.swift */,
				2169BA2E2748799B00A5407D /* AIEIO.swift */,
				FA18B4CF25AEA305000DEF0C /* AIEIOTool.swift */,
				FA02BF4725B783CB001EFBBA /* AIEKnowledgeGraphIO.swift */,
				FA18B4CE25AEA305000DEF0C /* AIETextIO.swift */,
			);
			path = IO;
			sourceTree = "<group>";
		};
		FA18B4D025AEA305000DEF0C /* Convolution */ = {
			isa = PBXGroup;
			children = (
				25EC038A25D63212008A4DE4 /* AIEConvolution.inspector */,
				FA18B4D425AEA305000DEF0C /* AIEConvolution.swift */,
				FA18B4D225AEA305000DEF0C /* AIEConvolutionTool.swift */,
				25EC03B625DF0438008A4DE4 /* AIELSTM.inspector */,
				FA18B4D625AEA305000DEF0C /* AIELSTM.swift */,
				25EC039E25D882F8008A4DE4 /* AIEPooling.inspector */,
				FA18B4D325AEA305000DEF0C /* AIEPooling.swift */,
				25EC039825D87D11008A4DE4 /* AIEUpsample.inspector */,
				FA18B4D125AEA305000DEF0C /* AIEUpsample.swift */,
			);
			path = Convolution;
			sourceTree = "<group>";
		};
		FA18B50B25AEA375000DEF0C /* Frameworks */ = {
			isa = PBXGroup;
			children = (
				FA18B52225AEA433000DEF0C /* Cocoa.framework */,
				FA18B50C25AEA375000DEF0C /* AJRFoundation.framework */,
				FA18B50E25AEA375000DEF0C /* AJRInterface.framework */,
				FA18B51025AEA375000DEF0C /* AJRInterfaceFoundation.framework */,
				FA18B51225AEA375000DEF0C /* Draw.framework */,
			);
			name = Frameworks;
			sourceTree = "<group>";
		};
		FA3C3169274D77E400B1A338 /* Aspects */ = {
			isa = PBXGroup;
			children = (
				21FCD9CA27067AD80049E558 /* AIETitle.swift */,
				FA3C316A274D780E00B1A338 /* AIEProperties.swift */,
			);
			path = Aspects;
			sourceTree = "<group>";
		};
		FA88824425F5D76B00DFE50B /* User Interface */ = {
			isa = PBXGroup;
			children = (
				FA88824F25F5E8FC00DFE50B /* AIEDocumentTemplate.swift */,
				FA88824525F5D7C600DFE50B /* AIEDocumentTemplateChooser.swift */,
				FA88824625F5D7C600DFE50B /* AIEDocumentTemplateChooser.xib */,
				FA88826D25F82ABF00DFE50B /* AIEDocumentTemplateChooserItem.xib */,
			);
			path = "User Interface";
			sourceTree = "<group>";
		};
		FA8E368125BF8CE100EB554F /* Libraries */ = {
			isa = PBXGroup;
			children = (
				FADD1CFE270FD5B9000C49DA /* AIECodeDefinition.swift */,
				FABD163C25C78722000294E3 /* AIECodeGenerator.swift */,
				FA8E368225BF8D0000EB554F /* AIELibrary.swift */,
				FA8E368F25BF8DF100EB554F /* ML Compute */,
				FA8E368C25BF8DEC00EB554F /* TensorFlow */,
			);
			path = Libraries;
			sourceTree = "<group>";
		};
		FA8E368C25BF8DEC00EB554F /* TensorFlow */ = {
			isa = PBXGroup;
			children = (
				FA8E368825BF8DE900EB554F /* AIETensorFlow.swift */,
				FABD164425C78761000294E3 /* AIETensorFlowCodeGenerator.swift */,
			);
			path = TensorFlow;
			sourceTree = "<group>";
		};
		FA8E368F25BF8DF100EB554F /* ML Compute */ = {
			isa = PBXGroup;
			children = (
				FA8E369025BF8E0400EB554F /* AIEMLCompute.swift */,
				FABD164025C7874B000294E3 /* AIEMLComputeCodeGenerator.swift */,
				210F8F912742ECF1004A939D /* AIEMLComputeObjCGenerator.swift */,
				210F8F932742ED08004A939D /* AIEMLComputeSwiftGenerator.swift */,
			);
			path = "ML Compute";
			sourceTree = "<group>";
		};
		FABD165725C8E8B6000294E3 /* Accessories */ = {
			isa = PBXGroup;
			children = (
				FABD165825C8E8D8000294E3 /* AIESourceCodeAccessory.swift */,
				FABD166E25C8E9BA000294E3 /* AIESourceCodeAccessory.xib */,
				FABD166825C8E947000294E3 /* AIETestingAccessory.swift */,
				FABD166925C8E947000294E3 /* AIETestingAccessory.xib */,
				FABD165E25C8E918000294E3 /* AIETrainingAccessory.swift */,
				FABD167425C8E9D7000294E3 /* AIETrainingAccessory.xib */,
				FABD166225C8E931000294E3 /* AIEValidationAccessory.swift */,
				FABD166325C8E931000294E3 /* AIEValidationAccessory.xib */,
			);
			path = Accessories;
			sourceTree = "<group>";
		};
		FABD168325C9FFCE000294E3 /* Document */ = {
			isa = PBXGroup;
			children = (
				FABD168825CA5556000294E3 /* AIEDocument.swift */,
				FABD16A725CA59CB000294E3 /* AIEDocument.inspector */,
				FABD16A325CA578C000294E3 /* AIEDocumentStorage.swift */,
				FAF266492719051700EC0A19 /* AIEMessage.swift */,
				210F8F892730A7F5004A939D /* AIEMessagesInspector.swift */,
				210F8F8A2730A7F5004A939D /* AIEMessagesInspector.xib */,
			);
			path = Document;
			sourceTree = "<group>";
		};
/* End PBXGroup section */

/* Begin PBXHeadersBuildPhase section */
		FA18B49325AEA257000DEF0C /* Headers */ = {
			isa = PBXHeadersBuildPhase;
			buildActionMask = 2147483647;
			files = (
				FA18B4A925AEA257000DEF0C /* AIExplorer.h in Headers */,
			);
			runOnlyForDeploymentPostprocessing = 0;
		};
/* End PBXHeadersBuildPhase section */

/* Begin PBXNativeTarget section */
		FA18B49725AEA257000DEF0C /* AIExplorer */ = {
			isa = PBXNativeTarget;
			buildConfigurationList = FA18B4AC25AEA257000DEF0C /* Build configuration list for PBXNativeTarget "AIExplorer" */;
			buildPhases = (
				FA18B49325AEA257000DEF0C /* Headers */,
				FA18B49425AEA257000DEF0C /* Sources */,
				FA18B49525AEA257000DEF0C /* Frameworks */,
				FA18B49625AEA257000DEF0C /* Resources */,
			);
			buildRules = (
				FABD163925C78665000294E3 /* PBXBuildRule */,
			);
			dependencies = (
			);
			name = AIExplorer;
			productName = AIExplorer;
			productReference = FA18B49825AEA257000DEF0C /* AIExplorer.framework */;
			productType = "com.apple.product-type.framework";
		};
		FA18B4A025AEA257000DEF0C /* AIExplorerTests */ = {
			isa = PBXNativeTarget;
			buildConfigurationList = FA18B4AF25AEA257000DEF0C /* Build configuration list for PBXNativeTarget "AIExplorerTests" */;
			buildPhases = (
				FA18B49D25AEA257000DEF0C /* Sources */,
				FA18B49E25AEA257000DEF0C /* Frameworks */,
				FA18B49F25AEA257000DEF0C /* Resources */,
			);
			buildRules = (
			);
			dependencies = (
				FA18B4A425AEA257000DEF0C /* PBXTargetDependency */,
			);
			name = AIExplorerTests;
			productName = AIExplorerTests;
			productReference = FA18B4A125AEA257000DEF0C /* AIExplorerTests.xctest */;
			productType = "com.apple.product-type.bundle.unit-test";
		};
/* End PBXNativeTarget section */

/* Begin PBXProject section */
		FA18B48F25AEA256000DEF0C /* Project object */ = {
			isa = PBXProject;
			attributes = {
				LastUpgradeCheck = 1400;
				TargetAttributes = {
					FA18B49725AEA257000DEF0C = {
						CreatedOnToolsVersion = 12.3;
						LastSwiftMigration = 1300;
					};
					FA18B4A025AEA257000DEF0C = {
						CreatedOnToolsVersion = 12.3;
					};
				};
			};
			buildConfigurationList = FA18B49225AEA256000DEF0C /* Build configuration list for PBXProject "AIExplorer" */;
			compatibilityVersion = "Xcode 9.3";
			developmentRegion = en;
			hasScannedForEncodings = 0;
			knownRegions = (
				en,
				Base,
			);
			mainGroup = FA18B48E25AEA256000DEF0C;
			productRefGroup = FA18B49925AEA257000DEF0C /* Products */;
			projectDirPath = "";
			projectRoot = "";
			targets = (
				FA18B49725AEA257000DEF0C /* AIExplorer */,
				FA18B4A025AEA257000DEF0C /* AIExplorerTests */,
			);
		};
/* End PBXProject section */

/* Begin PBXResourcesBuildPhase section */
		FA18B49625AEA257000DEF0C /* Resources */ = {
			isa = PBXResourcesBuildPhase;
			buildActionMask = 2147483647;
			files = (
				25EC03B325DEFE85008A4DE4 /* AIELayerNormalization.inspector in Resources */,
				25EC03C125E305BF008A4DE4 /* AIEReduction.inspector in Resources */,
				25EC038B25D63212008A4DE4 /* AIEConvolution.inspector in Resources */,
				FAD9250525AEA5ED00079DAB /* AIExplorer.xcassets in Resources */,
				25EC03A325D8874C008A4DE4 /* AIEBatchNormalization.inspector in Resources */,
				25EC03AF25DEFAED008A4DE4 /* AIEDropout.inspector in Resources */,
				FABD166F25C8E9BA000294E3 /* AIESourceCodeAccessory.xib in Resources */,
				FABD167525C8E9D7000294E3 /* AIETrainingAccessory.xib in Resources */,
				FA88824825F5D7C600DFE50B /* AIEDocumentTemplateChooser.xib in Resources */,
				FABD16A825CA59CB000294E3 /* AIEDocument.inspector in Resources */,
				FABD166B25C8E947000294E3 /* AIETestingAccessory.xib in Resources */,
				FA88826E25F82ABF00DFE50B /* AIEDocumentTemplateChooserItem.xib in Resources */,
				25EC03B725DF0438008A4DE4 /* AIELSTM.inspector in Resources */,
				25EC03AB25DE231C008A4DE4 /* AIEReshape.inspector in Resources */,
				210F8F8C2730A7F5004A939D /* AIEMessagesInspector.xib in Resources */,
				25EC039525D7D499008A4DE4 /* AIELoss.inspector in Resources */,
				FA18B4D825AEA305000DEF0C /* AIExplorer.ajrplugindata in Resources */,
				25EC039925D87D11008A4DE4 /* AIEUpsample.inspector in Resources */,
				FA0F525F25D38F5900DD0F3D /* AIEGraphic.inspector in Resources */,
				25EC039F25D882F8008A4DE4 /* AIEPooling.inspector in Resources */,
				FABD166525C8E931000294E3 /* AIEValidationAccessory.xib in Resources */,
				25EC03A725DE02E6008A4DE4 /* AIEActivation.inspector in Resources */,
				21FFE301291320F200A79F8F /* AIELoop.inspector in Resources */,
				FA0F526325D392FD00DD0F3D /* AIEImageIO.inspector in Resources */,
				25EC03BD25E26613008A4DE4 /* AIESoftmax.inspector in Resources */,
				25EC038F25D659AD008A4DE4 /* AIEFullyConnected.inspector in Resources */,
				21FFE2FF2913208C00A79F8F /* AIEBranch.inspector in Resources */,
			);
			runOnlyForDeploymentPostprocessing = 0;
		};
		FA18B49F25AEA257000DEF0C /* Resources */ = {
			isa = PBXResourcesBuildPhase;
			buildActionMask = 2147483647;
			files = (
			);
			runOnlyForDeploymentPostprocessing = 0;
		};
/* End PBXResourcesBuildPhase section */

/* Begin PBXSourcesBuildPhase section */
		FA18B49425AEA257000DEF0C /* Sources */ = {
			isa = PBXSourcesBuildPhase;
			buildActionMask = 2147483647;
			files = (
				210F8F922742ECF1004A939D /* AIEMLComputeObjCGenerator.swift in Sources */,
				FA02BF7C25B7A7D9001EFBBA /* AIEFullyConnected.swift in Sources */,
				21FFE2F929131D7700A79F8F /* AIELogicTool.swift in Sources */,
				FA18B4E125AEA305000DEF0C /* AIEPooling.swift in Sources */,
				FABD168925CA5556000294E3 /* AIEDocument.swift in Sources */,
				FA02BF9925B7AAEA001EFBBA /* AIESlice.swift in Sources */,
				FABD166A25C8E947000294E3 /* AIETestingAccessory.swift in Sources */,
				21FFE2FB29131D9B00A79F8F /* AIEBranch.swift in Sources */,
				FA02BF5D25B78578001EFBBA /* AIEActivationTool.swift in Sources */,
				FA88824725F5D7C600DFE50B /* AIEDocumentTemplateChooser.swift in Sources */,
				210F8F8B2730A7F5004A939D /* AIEMessagesInspector.swift in Sources */,
				FA02BFB225B7AC4D001EFBBA /* AIEBatchNormalization.swift in Sources */,
				FA02BF7825B7A7C6001EFBBA /* AIEMatrixMultiplication.swift in Sources */,
				FA18B4DA25AEA305000DEF0C /* AIEFilter.swift in Sources */,
				FABD165925C8E8D8000294E3 /* AIESourceCodeAccessory.swift in Sources */,
				FA8E369125BF8E0400EB554F /* AIEMLCompute.swift in Sources */,
				FA02BFCB25B7ADE9001EFBBA /* AIEYOLOLoss.swift in Sources */,
				FA02BF6A25B7A6D6001EFBBA /* AIEMathTool.swift in Sources */,
				FA18B4E525AEA305000DEF0C /* AIEGraphic.swift in Sources */,
				FA02BF8025B7A7F2001EFBBA /* AIEGramMatrix.swift in Sources */,
				FA8E368325BF8D0000EB554F /* AIELibrary.swift in Sources */,
				FA02BFC725B7ADD6001EFBBA /* AIELoss.swift in Sources */,
				FA18B4E025AEA305000DEF0C /* AIEConvolutionTool.swift in Sources */,
				FA02BF4F25B78505001EFBBA /* AIEActivation.swift in Sources */,
				FA02BF7425B7A7B3001EFBBA /* AIEReduction.swift in Sources */,
				FA18B4DC25AEA305000DEF0C /* AIEAudioIO.swift in Sources */,
				FA02BF6125B7973B001EFBBA /* AIETool.swift in Sources */,
				21FCD9CB27067AD80049E558 /* AIETitle.swift in Sources */,
				FA02BF4825B783CB001EFBBA /* AIEKnowledgeGraphIO.swift in Sources */,
				FABD166425C8E931000294E3 /* AIEValidationAccessory.swift in Sources */,
				FADD1CFF270FD5B9000C49DA /* AIECodeDefinition.swift in Sources */,
				FA02BF9125B7AACA001EFBBA /* AIEConcatenation.swift in Sources */,
				2169BA2F2748799B00A5407D /* AIEIO.swift in Sources */,
				FA02BF9525B7AAD9001EFBBA /* AIEReshape.swift in Sources */,
				FA02BFA125B7AAFF001EFBBA /* AIEPadding.swift in Sources */,
				FA18B4D925AEA305000DEF0C /* AIEToolSet.swift in Sources */,
				FA02BF5525B7851C001EFBBA /* AIEMultiheadAttention.swift in Sources */,
				FA02BFB625B7AC5B001EFBBA /* AIEGroupNormalization.swift in Sources */,
				FABD16A425CA578C000294E3 /* AIEDocumentStorage.swift in Sources */,
				FA88825025F5E8FC00DFE50B /* AIEDocumentTemplate.swift in Sources */,
				21FFE2FD29131DA500A79F8F /* AIELoop.swift in Sources */,
				FA02BF8725B7AAA4001EFBBA /* AIETransformationTool.swift in Sources */,
				FA02BF7025B7A796001EFBBA /* AIEArithmetic.swift in Sources */,
				FA18B4DD25AEA305000DEF0C /* AIETextIO.swift in Sources */,
				FA18B4DF25AEA305000DEF0C /* AIEUpsample.swift in Sources */,
				FABD164525C78761000294E3 /* AIETensorFlowCodeGenerator.swift in Sources */,
				FA18B4E325AEA305000DEF0C /* AIEDropout.swift in Sources */,
				FA18B4E425AEA305000DEF0C /* AIELSTM.swift in Sources */,
				210F8F942742ED08004A939D /* AIEMLComputeSwiftGenerator.swift in Sources */,
				FABD165F25C8E918000294E3 /* AIETrainingAccessory.swift in Sources */,
				FA02BF8D25B7AABA001EFBBA /* AIETranspose.swift in Sources */,
				FA02BFA625B7AC13001EFBBA /* AIENormalizationTool.swift in Sources */,
				FAF2664A2719051700EC0A19 /* AIEMessage.swift in Sources */,
				FA02BFBA25B7AC66001EFBBA /* AIEInstanceNormalization.swift in Sources */,
				FA8E368925BF8DE900EB554F /* AIETensorFlow.swift in Sources */,
				FA3C316B274D780E00B1A338 /* AIEProperties.swift in Sources */,
				FA02BF9D25B7AAF6001EFBBA /* AIESplit.swift in Sources */,
				FA02BFAC25B7AC2F001EFBBA /* AIELayerNormalization.swift in Sources */,
				FABD163D25C78722000294E3 /* AIECodeGenerator.swift in Sources */,
				FABD164125C7874B000294E3 /* AIEMLComputeCodeGenerator.swift in Sources */,
				FA18B4E225AEA305000DEF0C /* AIEConvolution.swift in Sources */,
				FA02BFC125B7ADC6001EFBBA /* AIELossTool.swift in Sources */,
				FA02BF5925B78527001EFBBA /* AIESoftmax.swift in Sources */,
				FA18B4DE25AEA305000DEF0C /* AIEIOTool.swift in Sources */,
				FA18B4DB25AEA305000DEF0C /* AIEImageIO.swift in Sources */,
			);
			runOnlyForDeploymentPostprocessing = 0;
		};
		FA18B49D25AEA257000DEF0C /* Sources */ = {
			isa = PBXSourcesBuildPhase;
			buildActionMask = 2147483647;
			files = (
				FA18B4A725AEA257000DEF0C /* AIExplorerTests.m in Sources */,
			);
			runOnlyForDeploymentPostprocessing = 0;
		};
/* End PBXSourcesBuildPhase section */

/* Begin PBXTargetDependency section */
		FA18B4A425AEA257000DEF0C /* PBXTargetDependency */ = {
			isa = PBXTargetDependency;
			target = FA18B49725AEA257000DEF0C /* AIExplorer */;
			targetProxy = FA18B4A325AEA257000DEF0C /* PBXContainerItemProxy */;
		};
/* End PBXTargetDependency section */

/* Begin XCBuildConfiguration section */
		FA18B4AA25AEA257000DEF0C /* Debug */ = {
			isa = XCBuildConfiguration;
			buildSettings = {
				ALWAYS_SEARCH_USER_PATHS = NO;
				CLANG_ANALYZER_NONNULL = YES;
				CLANG_ANALYZER_NUMBER_OBJECT_CONVERSION = YES_AGGRESSIVE;
				CLANG_CXX_LANGUAGE_STANDARD = "gnu++14";
				CLANG_CXX_LIBRARY = "libc++";
				CLANG_ENABLE_MODULES = YES;
				CLANG_ENABLE_OBJC_ARC = YES;
				CLANG_ENABLE_OBJC_WEAK = YES;
				CLANG_WARN_BLOCK_CAPTURE_AUTORELEASING = YES;
				CLANG_WARN_BOOL_CONVERSION = YES;
				CLANG_WARN_COMMA = YES;
				CLANG_WARN_CONSTANT_CONVERSION = YES;
				CLANG_WARN_DEPRECATED_OBJC_IMPLEMENTATIONS = YES;
				CLANG_WARN_DIRECT_OBJC_ISA_USAGE = YES_ERROR;
				CLANG_WARN_DOCUMENTATION_COMMENTS = YES;
				CLANG_WARN_EMPTY_BODY = YES;
				CLANG_WARN_ENUM_CONVERSION = YES;
				CLANG_WARN_INFINITE_RECURSION = YES;
				CLANG_WARN_INT_CONVERSION = YES;
				CLANG_WARN_NON_LITERAL_NULL_CONVERSION = YES;
				CLANG_WARN_OBJC_IMPLICIT_RETAIN_SELF = YES;
				CLANG_WARN_OBJC_LITERAL_CONVERSION = YES;
				CLANG_WARN_OBJC_ROOT_CLASS = YES_ERROR;
				CLANG_WARN_QUOTED_INCLUDE_IN_FRAMEWORK_HEADER = YES;
				CLANG_WARN_RANGE_LOOP_ANALYSIS = YES;
				CLANG_WARN_STRICT_PROTOTYPES = YES;
				CLANG_WARN_SUSPICIOUS_MOVE = YES;
				CLANG_WARN_UNGUARDED_AVAILABILITY = YES_AGGRESSIVE;
				CLANG_WARN_UNREACHABLE_CODE = YES;
				CLANG_WARN__DUPLICATE_METHOD_MATCH = YES;
				COPY_PHASE_STRIP = NO;
				CURRENT_PROJECT_VERSION = 1;
				DEAD_CODE_STRIPPING = YES;
				DEBUG_INFORMATION_FORMAT = dwarf;
				ENABLE_STRICT_OBJC_MSGSEND = YES;
				ENABLE_TESTABILITY = YES;
				GCC_C_LANGUAGE_STANDARD = gnu11;
				GCC_DYNAMIC_NO_PIC = NO;
				GCC_NO_COMMON_BLOCKS = YES;
				GCC_OPTIMIZATION_LEVEL = 0;
				GCC_PREPROCESSOR_DEFINITIONS = (
					"DEBUG=1",
					"$(inherited)",
				);
				GCC_WARN_64_TO_32_BIT_CONVERSION = YES;
				GCC_WARN_ABOUT_RETURN_TYPE = YES_ERROR;
				GCC_WARN_UNDECLARED_SELECTOR = YES;
				GCC_WARN_UNINITIALIZED_AUTOS = YES_AGGRESSIVE;
				GCC_WARN_UNUSED_FUNCTION = YES;
				GCC_WARN_UNUSED_VARIABLE = YES;
				INSTALL_PATH = "@rpath";
				MTL_ENABLE_DEBUG_INFO = INCLUDE_SOURCE;
				MTL_FAST_MATH = YES;
				ONLY_ACTIVE_ARCH = YES;
				SDKROOT = macosx;
				VERSIONING_SYSTEM = "apple-generic";
				VERSION_INFO_PREFIX = "";
			};
			name = Debug;
		};
		FA18B4AB25AEA257000DEF0C /* Release */ = {
			isa = XCBuildConfiguration;
			buildSettings = {
				ALWAYS_SEARCH_USER_PATHS = NO;
				CLANG_ANALYZER_NONNULL = YES;
				CLANG_ANALYZER_NUMBER_OBJECT_CONVERSION = YES_AGGRESSIVE;
				CLANG_CXX_LANGUAGE_STANDARD = "gnu++14";
				CLANG_CXX_LIBRARY = "libc++";
				CLANG_ENABLE_MODULES = YES;
				CLANG_ENABLE_OBJC_ARC = YES;
				CLANG_ENABLE_OBJC_WEAK = YES;
				CLANG_WARN_BLOCK_CAPTURE_AUTORELEASING = YES;
				CLANG_WARN_BOOL_CONVERSION = YES;
				CLANG_WARN_COMMA = YES;
				CLANG_WARN_CONSTANT_CONVERSION = YES;
				CLANG_WARN_DEPRECATED_OBJC_IMPLEMENTATIONS = YES;
				CLANG_WARN_DIRECT_OBJC_ISA_USAGE = YES_ERROR;
				CLANG_WARN_DOCUMENTATION_COMMENTS = YES;
				CLANG_WARN_EMPTY_BODY = YES;
				CLANG_WARN_ENUM_CONVERSION = YES;
				CLANG_WARN_INFINITE_RECURSION = YES;
				CLANG_WARN_INT_CONVERSION = YES;
				CLANG_WARN_NON_LITERAL_NULL_CONVERSION = YES;
				CLANG_WARN_OBJC_IMPLICIT_RETAIN_SELF = YES;
				CLANG_WARN_OBJC_LITERAL_CONVERSION = YES;
				CLANG_WARN_OBJC_ROOT_CLASS = YES_ERROR;
				CLANG_WARN_QUOTED_INCLUDE_IN_FRAMEWORK_HEADER = YES;
				CLANG_WARN_RANGE_LOOP_ANALYSIS = YES;
				CLANG_WARN_STRICT_PROTOTYPES = YES;
				CLANG_WARN_SUSPICIOUS_MOVE = YES;
				CLANG_WARN_UNGUARDED_AVAILABILITY = YES_AGGRESSIVE;
				CLANG_WARN_UNREACHABLE_CODE = YES;
				CLANG_WARN__DUPLICATE_METHOD_MATCH = YES;
				COPY_PHASE_STRIP = NO;
				CURRENT_PROJECT_VERSION = 1;
				DEAD_CODE_STRIPPING = YES;
				DEBUG_INFORMATION_FORMAT = "dwarf-with-dsym";
				ENABLE_NS_ASSERTIONS = NO;
				ENABLE_STRICT_OBJC_MSGSEND = YES;
				GCC_C_LANGUAGE_STANDARD = gnu11;
				GCC_NO_COMMON_BLOCKS = YES;
				GCC_WARN_64_TO_32_BIT_CONVERSION = YES;
				GCC_WARN_ABOUT_RETURN_TYPE = YES_ERROR;
				GCC_WARN_UNDECLARED_SELECTOR = YES;
				GCC_WARN_UNINITIALIZED_AUTOS = YES_AGGRESSIVE;
				GCC_WARN_UNUSED_FUNCTION = YES;
				GCC_WARN_UNUSED_VARIABLE = YES;
				INSTALL_PATH = "@rpath";
				MTL_ENABLE_DEBUG_INFO = NO;
				MTL_FAST_MATH = YES;
				SDKROOT = macosx;
				SWIFT_COMPILATION_MODE = wholemodule;
				VERSIONING_SYSTEM = "apple-generic";
				VERSION_INFO_PREFIX = "";
			};
			name = Release;
		};
		FA18B4AD25AEA257000DEF0C /* Debug */ = {
			isa = XCBuildConfiguration;
			buildSettings = {
				CLANG_ENABLE_MODULES = YES;
				CODE_SIGN_STYLE = Automatic;
				COMBINE_HIDPI_IMAGES = YES;
				DEAD_CODE_STRIPPING = YES;
				DEFINES_MODULE = YES;
				DYLIB_COMPATIBILITY_VERSION = 1;
				DYLIB_CURRENT_VERSION = 1;
				DYLIB_INSTALL_NAME_BASE = "@rpath";
				INFOPLIST_FILE = AIExplorer/Info.plist;
				LD_RUNPATH_SEARCH_PATHS = (
					"$(inherited)",
					"@executable_path/../Frameworks",
					"@loader_path/Frameworks",
				);
				PRODUCT_BUNDLE_IDENTIFIER = com.ajr.framework.AIExplorer;
				PRODUCT_NAME = "$(TARGET_NAME:c99extidentifier)";
				SKIP_INSTALL = YES;
				SWIFT_OPTIMIZATION_LEVEL = "-Onone";
				SWIFT_VERSION = 5.0;
			};
			name = Debug;
		};
		FA18B4AE25AEA257000DEF0C /* Release */ = {
			isa = XCBuildConfiguration;
			buildSettings = {
				CLANG_ENABLE_MODULES = YES;
				CODE_SIGN_STYLE = Automatic;
				COMBINE_HIDPI_IMAGES = YES;
				DEAD_CODE_STRIPPING = YES;
				DEFINES_MODULE = YES;
				DYLIB_COMPATIBILITY_VERSION = 1;
				DYLIB_CURRENT_VERSION = 1;
				DYLIB_INSTALL_NAME_BASE = "@rpath";
				GCC_OPTIMIZATION_LEVEL = 0;
				INFOPLIST_FILE = AIExplorer/Info.plist;
				LD_RUNPATH_SEARCH_PATHS = (
					"$(inherited)",
					"@executable_path/../Frameworks",
					"@loader_path/Frameworks",
				);
				PRODUCT_BUNDLE_IDENTIFIER = com.ajr.framework.AIExplorer;
				PRODUCT_NAME = "$(TARGET_NAME:c99extidentifier)";
				SKIP_INSTALL = YES;
				SWIFT_OPTIMIZATION_LEVEL = "-Onone";
				SWIFT_VERSION = 5.0;
			};
			name = Release;
		};
		FA18B4B025AEA257000DEF0C /* Debug */ = {
			isa = XCBuildConfiguration;
			buildSettings = {
				ALWAYS_EMBED_SWIFT_STANDARD_LIBRARIES = YES;
				CODE_SIGN_STYLE = Automatic;
				COMBINE_HIDPI_IMAGES = YES;
				DEAD_CODE_STRIPPING = YES;
				INFOPLIST_FILE = AIExplorerTests/Info.plist;
				LD_RUNPATH_SEARCH_PATHS = (
					"$(inherited)",
					"@executable_path/../Frameworks",
					"@loader_path/../Frameworks",
				);
				PRODUCT_BUNDLE_IDENTIFIER = com.ajr.application.AIExplorerTests;
				PRODUCT_NAME = "$(TARGET_NAME)";
			};
			name = Debug;
		};
		FA18B4B125AEA257000DEF0C /* Release */ = {
			isa = XCBuildConfiguration;
			buildSettings = {
				ALWAYS_EMBED_SWIFT_STANDARD_LIBRARIES = YES;
				CODE_SIGN_STYLE = Automatic;
				COMBINE_HIDPI_IMAGES = YES;
				DEAD_CODE_STRIPPING = YES;
				INFOPLIST_FILE = AIExplorerTests/Info.plist;
				LD_RUNPATH_SEARCH_PATHS = (
					"$(inherited)",
					"@executable_path/../Frameworks",
					"@loader_path/../Frameworks",
				);
				PRODUCT_BUNDLE_IDENTIFIER = com.ajr.application.AIExplorerTests;
				PRODUCT_NAME = "$(TARGET_NAME)";
			};
			name = Release;
		};
/* End XCBuildConfiguration section */

/* Begin XCConfigurationList section */
		FA18B49225AEA256000DEF0C /* Build configuration list for PBXProject "AIExplorer" */ = {
			isa = XCConfigurationList;
			buildConfigurations = (
				FA18B4AA25AEA257000DEF0C /* Debug */,
				FA18B4AB25AEA257000DEF0C /* Release */,
			);
			defaultConfigurationIsVisible = 0;
			defaultConfigurationName = Release;
		};
		FA18B4AC25AEA257000DEF0C /* Build configuration list for PBXNativeTarget "AIExplorer" */ = {
			isa = XCConfigurationList;
			buildConfigurations = (
				FA18B4AD25AEA257000DEF0C /* Debug */,
				FA18B4AE25AEA257000DEF0C /* Release */,
			);
			defaultConfigurationIsVisible = 0;
			defaultConfigurationName = Release;
		};
		FA18B4AF25AEA257000DEF0C /* Build configuration list for PBXNativeTarget "AIExplorerTests" */ = {
			isa = XCConfigurationList;
			buildConfigurations = (
				FA18B4B025AEA257000DEF0C /* Debug */,
				FA18B4B125AEA257000DEF0C /* Release */,
			);
			defaultConfigurationIsVisible = 0;
			defaultConfigurationName = Release;
		};
/* End XCConfigurationList section */
	};
	rootObject = FA18B48F25AEA256000DEF0C /* Project object */;
}
